
Microsoft Visual Studio Solution File, Format Version 12.00
# Visual Studio 2013
VisualStudioVersion = 12.0.21005.1
MinimumVisualStudioVersion = 10.0.40219.1
Project("{8BC9CEB8-8B4A-11D0-8D11-00A0C91BC942}") = "3.基础练习 十六进制转十进制", "3.基础练习 十六进制转十进制\3.基础练习 十六进制转十进制.vcxproj", "{EB1E9ED7-9972-4807-AE3D-A6C1467FCD37}"
EndProject
Global
	GlobalSection(SolutionConfigurationPlatforms) = preSolution
		Debug|Win32 = Debug|Win32
		Release|Win32 = Release|Win32
	EndGlobalSection
	GlobalSection(ProjectConfigurationPlatforms) = postSolution
		{EB1E9ED7-9972-4807-AE3D-A6C1467FCD37}.Debug|Win32.ActiveCfg = Debug|Win32
		{EB1E9ED7-9972-4807-AE3D-A6C1467FCD37}.Debug|Win32.Build.0 = Debug|Win32
		{EB1E9ED7-9972-4807-AE3D-A6C1467FCD37}.Release|Win32.ActiveCfg = Release|Win32
		{EB1E9ED7-9972-4807-AE3D-A6C1467FCD37}.Release|Win32.Build.0 = Release|Win32
	EndGlobalSection
	GlobalSection(SolutionProperties) = preSolution
		HideSolutionNode = FALSE
	EndGlobalSection
EndGlobal
