
Microsoft Visual Studio Solution File, Format Version 12.00
# Visual Studio 2013
VisualStudioVersion = 12.0.21005.1
MinimumVisualStudioVersion = 10.0.40219.1
Project("{8BC9CEB8-8B4A-11D0-8D11-00A0C91BC942}") = "P125-7", "P125-7\P125-7.vcxproj", "{D47A8E2C-D325-4E1F-A8D6-BD500D54DC60}"
EndProject
Global
	GlobalSection(SolutionConfigurationPlatforms) = preSolution
		Debug|Win32 = Debug|Win32
		Release|Win32 = Release|Win32
	EndGlobalSection
	GlobalSection(ProjectConfigurationPlatforms) = postSolution
		{D47A8E2C-D325-4E1F-A8D6-BD500D54DC60}.Debug|Win32.ActiveCfg = Debug|Win32
		{D47A8E2C-D325-4E1F-A8D6-BD500D54DC60}.Debug|Win32.Build.0 = Debug|Win32
		{D47A8E2C-D325-4E1F-A8D6-BD500D54DC60}.Release|Win32.ActiveCfg = Release|Win32
		{D47A8E2C-D325-4E1F-A8D6-BD500D54DC60}.Release|Win32.Build.0 = Release|Win32
	EndGlobalSection
	GlobalSection(SolutionProperties) = preSolution
		HideSolutionNode = FALSE
	EndGlobalSection
EndGlobal
