
Microsoft Visual Studio Solution File, Format Version 12.00
# Visual Studio Version 16
VisualStudioVersion = 16.0.29728.190
MinimumVisualStudioVersion = 10.0.40219.1
Project("{8BC9CEB8-8B4A-11D0-8D11-00A0C91BC942}") = "测试", "测试\测试.vcxproj", "{88D2D512-2AB4-4C37-96E0-9916FBD9866B}"
EndProject
Global
	GlobalSection(SolutionConfigurationPlatforms) = preSolution
		Debug|x64 = Debug|x64
		Debug|x86 = Debug|x86
		Release|x64 = Release|x64
		Release|x86 = Release|x86
	EndGlobalSection
	GlobalSection(ProjectConfigurationPlatforms) = postSolution
		{88D2D512-2AB4-4C37-96E0-9916FBD9866B}.Debug|x64.ActiveCfg = Debug|x64
		{88D2D512-2AB4-4C37-96E0-9916FBD9866B}.Debug|x64.Build.0 = Debug|x64
		{88D2D512-2AB4-4C37-96E0-9916FBD9866B}.Debug|x86.ActiveCfg = Debug|Win32
		{88D2D512-2AB4-4C37-96E0-9916FBD9866B}.Debug|x86.Build.0 = Debug|Win32
		{88D2D512-2AB4-4C37-96E0-9916FBD9866B}.Release|x64.ActiveCfg = Release|x64
		{88D2D512-2AB4-4C37-96E0-9916FBD9866B}.Release|x64.Build.0 = Release|x64
		{88D2D512-2AB4-4C37-96E0-9916FBD9866B}.Release|x86.ActiveCfg = Release|Win32
		{88D2D512-2AB4-4C37-96E0-9916FBD9866B}.Release|x86.Build.0 = Release|Win32
	EndGlobalSection
	GlobalSection(SolutionProperties) = preSolution
		HideSolutionNode = FALSE
	EndGlobalSection
	GlobalSection(ExtensibilityGlobals) = postSolution
		SolutionGuid = {57A204F6-3C83-4D26-8E3D-DC9E634EDB15}
	EndGlobalSection
EndGlobal
